// !$*UTF8*$!
{
	archiveVersion = 1;
	classes = {
	};
	objectVersion = 48;
	objects = {

/* Begin PBXBuildFile section */
		0184804FA2A17CC960F5FDDA /* Pods_SideMenuDemoTests.framework in Frameworks */ = {isa = PBXBuildFile; fileRef = 22BF9FA02A4880CB15CCC884 /* Pods_SideMenuDemoTests.framework */; };
		8A036B9F8183669A9A6B4815 /* Pods_SideMenuDemoUITests.framework in Frameworks */ = {isa = PBXBuildFile; fileRef = 54FF7C3641A375A5C3E6DC49 /* Pods_SideMenuDemoUITests.framework */; };
		CD0F9EDA1FDE56D300B252D5 /* InternetImageCell.swift in Sources */ = {isa = PBXBuildFile; fileRef = CD0F9ED91FDE56D300B252D5 /* InternetImageCell.swift */; };
		CD9437C31FDC66150033A42D /* AppDelegate.swift in Sources */ = {isa = PBXBuildFile; fileRef = CD9437C21FDC66150033A42D /* AppDelegate.swift */; };
		CD9437C51FDC66150033A42D /* ViewController.swift in Sources */ = {isa = PBXBuildFile; fileRef = CD9437C41FDC66150033A42D /* ViewController.swift */; };
		CD9437C81FDC66150033A42D /* Main.storyboard in Resources */ = {isa = PBXBuildFile; fileRef = CD9437C61FDC66150033A42D /* Main.storyboard */; };
		CD9437CA1FDC66150033A42D /* Assets.xcassets in Resources */ = {isa = PBXBuildFile; fileRef = CD9437C91FDC66150033A42D /* Assets.xcassets */; };
		CD9437CD1FDC66150033A42D /* LaunchScreen.storyboard in Resources */ = {isa = PBXBuildFile; fileRef = CD9437CB1FDC66150033A42D /* LaunchScreen.storyboard */; };
		CD9437D81FDC66150033A42D /* SideMenuDemoTests.swift in Sources */ = {isa = PBXBuildFile; fileRef = CD9437D71FDC66150033A42D /* SideMenuDemoTests.swift */; };
		CD9437E31FDC66150033A42D /* SideMenuDemoUITests.swift in Sources */ = {isa = PBXBuildFile; fileRef = CD9437E21FDC66150033A42D /* SideMenuDemoUITests.swift */; };
		CD9437F11FDC685E0033A42D /* MenuViewController.swift in Sources */ = {isa = PBXBuildFile; fileRef = CD9437F01FDC685E0033A42D /* MenuViewController.swift */; };
		CD9437F31FDC6B800033A42D /* SideMenuCell.swift in Sources */ = {isa = PBXBuildFile; fileRef = CD9437F21FDC6B800033A42D /* SideMenuCell.swift */; };
		CD9437F51FDC6D3A0033A42D /* TransactionHistoryViewController.swift in Sources */ = {isa = PBXBuildFile; fileRef = CD9437F41FDC6D3A0033A42D /* TransactionHistoryViewController.swift */; };
		CD9437FB1FDCEAD30033A42D /* NotificationViewController.swift in Sources */ = {isa = PBXBuildFile; fileRef = CD9437FA1FDCEAD30033A42D /* NotificationViewController.swift */; };
		CF84731F6FA9E97EE9B17905 /* Pods_SideMenuDemo.framework in Frameworks */ = {isa = PBXBuildFile; fileRef = 554EB21527FFDE4DFE8B24E5 /* Pods_SideMenuDemo.framework */; };
/* End PBXBuildFile section */

/* Begin PBXContainerItemProxy section */
		CD9437D41FDC66150033A42D /* PBXContainerItemProxy */ = {
			isa = PBXContainerItemProxy;
			containerPortal = CD9437B71FDC66150033A42D /* Project object */;
			proxyType = 1;
			remoteGlobalIDString = CD9437BE1FDC66150033A42D;
			remoteInfo = SideMenuDemo;
		};
		CD9437DF1FDC66150033A42D /* PBXContainerItemProxy */ = {
			isa = PBXContainerItemProxy;
			containerPortal = CD9437B71FDC66150033A42D /* Project object */;
			proxyType = 1;
			remoteGlobalIDString = CD9437BE1FDC66150033A42D;
			remoteInfo = SideMenuDemo;
		};
/* End PBXContainerItemProxy section */

/* Begin PBXFileReference section */
		07A114F18C4DBF63C01E451E /* Pods-SideMenuDemoTests.debug.xcconfig */ = {isa = PBXFileReference; includeInIndex = 1; lastKnownFileType = text.xcconfig; name = "Pods-SideMenuDemoTests.debug.xcconfig"; path = "Pods/Target Support Files/Pods-SideMenuDemoTests/Pods-SideMenuDemoTests.debug.xcconfig"; sourceTree = "<group>"; };
		13F1651BB1E50FDDC9171D4B /* Pods-SideMenuDemoTests.release.xcconfig */ = {isa = PBXFileReference; includeInIndex = 1; lastKnownFileType = text.xcconfig; name = "Pods-SideMenuDemoTests.release.xcconfig"; path = "Pods/Target Support Files/Pods-SideMenuDemoTests/Pods-SideMenuDemoTests.release.xcconfig"; sourceTree = "<group>"; };
		22BF9FA02A4880CB15CCC884 /* Pods_SideMenuDemoTests.framework */ = {isa = PBXFileReference; explicitFileType = wrapper.framework; includeInIndex = 0; path = Pods_SideMenuDemoTests.framework; sourceTree = BUILT_PRODUCTS_DIR; };
		3BB78C7208B9301846D48146 /* Pods-SideMenuDemo.debug.xcconfig */ = {isa = PBXFileReference; includeInIndex = 1; lastKnownFileType = text.xcconfig; name = "Pods-SideMenuDemo.debug.xcconfig"; path = "Pods/Target Support Files/Pods-SideMenuDemo/Pods-SideMenuDemo.debug.xcconfig"; sourceTree = "<group>"; };
		46CA096D4F62480CF38C8D5E /* Pods-SideMenuDemoUITests.release.xcconfig */ = {isa = PBXFileReference; includeInIndex = 1; lastKnownFileType = text.xcconfig; name = "Pods-SideMenuDemoUITests.release.xcconfig"; path = "Pods/Target Support Files/Pods-SideMenuDemoUITests/Pods-SideMenuDemoUITests.release.xcconfig"; sourceTree = "<group>"; };
		54FF7C3641A375A5C3E6DC49 /* Pods_SideMenuDemoUITests.framework */ = {isa = PBXFileReference; explicitFileType = wrapper.framework; includeInIndex = 0; path = Pods_SideMenuDemoUITests.framework; sourceTree = BUILT_PRODUCTS_DIR; };
		554EB21527FFDE4DFE8B24E5 /* Pods_SideMenuDemo.framework */ = {isa = PBXFileReference; explicitFileType = wrapper.framework; includeInIndex = 0; path = Pods_SideMenuDemo.framework; sourceTree = BUILT_PRODUCTS_DIR; };
		69255EDFBF83584A78303B7F /* Pods-SideMenuDemo.release.xcconfig */ = {isa = PBXFileReference; includeInIndex = 1; lastKnownFileType = text.xcconfig; name = "Pods-SideMenuDemo.release.xcconfig"; path = "Pods/Target Support Files/Pods-SideMenuDemo/Pods-SideMenuDemo.release.xcconfig"; sourceTree = "<group>"; };
		762DAE229D75240E58DA2939 /* Pods-SideMenuDemoUITests.debug.xcconfig */ = {isa = PBXFileReference; includeInIndex = 1; lastKnownFileType = text.xcconfig; name = "Pods-SideMenuDemoUITests.debug.xcconfig"; path = "Pods/Target Support Files/Pods-SideMenuDemoUITests/Pods-SideMenuDemoUITests.debug.xcconfig"; sourceTree = "<group>"; };
		CD0F9ED91FDE56D300B252D5 /* InternetImageCell.swift */ = {isa = PBXFileReference; lastKnownFileType = sourcecode.swift; path = InternetImageCell.swift; sourceTree = "<group>"; };
		CD9437BF1FDC66150033A42D /* SideMenuDemo.app */ = {isa = PBXFileReference; explicitFileType = wrapper.application; includeInIndex = 0; path = SideMenuDemo.app; sourceTree = BUILT_PRODUCTS_DIR; };
		CD9437C21FDC66150033A42D /* AppDelegate.swift */ = {isa = PBXFileReference; lastKnownFileType = sourcecode.swift; path = AppDelegate.swift; sourceTree = "<group>"; };
		CD9437C41FDC66150033A42D /* ViewController.swift */ = {isa = PBXFileReference; lastKnownFileType = sourcecode.swift; path = ViewController.swift; sourceTree = "<group>"; };
		CD9437C71FDC66150033A42D /* Base */ = {isa = PBXFileReference; lastKnownFileType = file.storyboard; name = Base; path = Base.lproj/Main.storyboard; sourceTree = "<group>"; };
		CD9437C91FDC66150033A42D /* Assets.xcassets */ = {isa = PBXFileReference; lastKnownFileType = folder.assetcatalog; path = Assets.xcassets; sourceTree = "<group>"; };
		CD9437CC1FDC66150033A42D /* Base */ = {isa = PBXFileReference; lastKnownFileType = file.storyboard; name = Base; path = Base.lproj/LaunchScreen.storyboard; sourceTree = "<group>"; };
		CD9437CE1FDC66150033A42D /* Info.plist */ = {isa = PBXFileReference; lastKnownFileType = text.plist.xml; path = Info.plist; sourceTree = "<group>"; };
		CD9437D31FDC66150033A42D /* SideMenuDemoTests.xctest */ = {isa = PBXFileReference; explicitFileType = wrapper.cfbundle; includeInIndex = 0; path = SideMenuDemoTests.xctest; sourceTree = BUILT_PRODUCTS_DIR; };
		CD9437D71FDC66150033A42D /* SideMenuDemoTests.swift */ = {isa = PBXFileReference; lastKnownFileType = sourcecode.swift; path = SideMenuDemoTests.swift; sourceTree = "<group>"; };
		CD9437D91FDC66150033A42D /* Info.plist */ = {isa = PBXFileReference; lastKnownFileType = text.plist.xml; path = Info.plist; sourceTree = "<group>"; };
		CD9437DE1FDC66150033A42D /* SideMenuDemoUITests.xctest */ = {isa = PBXFileReference; explicitFileType = wrapper.cfbundle; includeInIndex = 0; path = SideMenuDemoUITests.xctest; sourceTree = BUILT_PRODUCTS_DIR; };
		CD9437E21FDC66150033A42D /* SideMenuDemoUITests.swift */ = {isa = PBXFileReference; lastKnownFileType = sourcecode.swift; path = SideMenuDemoUITests.swift; sourceTree = "<group>"; };
		CD9437E41FDC66150033A42D /* Info.plist */ = {isa = PBXFileReference; lastKnownFileType = text.plist.xml; path = Info.plist; sourceTree = "<group>"; };
		CD9437F01FDC685E0033A42D /* MenuViewController.swift */ = {isa = PBXFileReference; lastKnownFileType = sourcecode.swift; path = MenuViewController.swift; sourceTree = "<group>"; };
		CD9437F21FDC6B800033A42D /* SideMenuCell.swift */ = {isa = PBXFileReference; lastKnownFileType = sourcecode.swift; path = SideMenuCell.swift; sourceTree = "<group>"; };
		CD9437F41FDC6D3A0033A42D /* TransactionHistoryViewController.swift */ = {isa = PBXFileReference; lastKnownFileType = sourcecode.swift; path = TransactionHistoryViewController.swift; sourceTree = "<group>"; };
		CD9437FA1FDCEAD30033A42D /* NotificationViewController.swift */ = {isa = PBXFileReference; lastKnownFileType = sourcecode.swift; path = NotificationViewController.swift; sourceTree = "<group>"; };
/* End PBXFileReference section */

/* Begin PBXFrameworksBuildPhase section */
		CD9437BC1FDC66150033A42D /* Frameworks */ = {
			isa = PBXFrameworksBuildPhase;
			buildActionMask = 2147483647;
			files = (
				CF84731F6FA9E97EE9B17905 /* Pods_SideMenuDemo.framework in Frameworks */,
			);
			runOnlyForDeploymentPostprocessing = 0;
		};
		CD9437D01FDC66150033A42D /* Frameworks */ = {
			isa = PBXFrameworksBuildPhase;
			buildActionMask = 2147483647;
			files = (
				0184804FA2A17CC960F5FDDA /* Pods_SideMenuDemoTests.framework in Frameworks */,
			);
			runOnlyForDeploymentPostprocessing = 0;
		};
		CD9437DB1FDC66150033A42D /* Frameworks */ = {
			isa = PBXFrameworksBuildPhase;
			buildActionMask = 2147483647;
			files = (
				8A036B9F8183669A9A6B4815 /* Pods_SideMenuDemoUITests.framework in Frameworks */,
			);
			runOnlyForDeploymentPostprocessing = 0;
		};
/* End PBXFrameworksBuildPhase section */

/* Begin PBXGroup section */
		765DE31F023923AC2FF5EBF7 /* Pods */ = {
			isa = PBXGroup;
			children = (
				3BB78C7208B9301846D48146 /* Pods-SideMenuDemo.debug.xcconfig */,
				69255EDFBF83584A78303B7F /* Pods-SideMenuDemo.release.xcconfig */,
				07A114F18C4DBF63C01E451E /* Pods-SideMenuDemoTests.debug.xcconfig */,
				13F1651BB1E50FDDC9171D4B /* Pods-SideMenuDemoTests.release.xcconfig */,
				762DAE229D75240E58DA2939 /* Pods-SideMenuDemoUITests.debug.xcconfig */,
				46CA096D4F62480CF38C8D5E /* Pods-SideMenuDemoUITests.release.xcconfig */,
			);
			name = Pods;
			sourceTree = "<group>";
		};
		99F7E8EA513A5E9047DCBBCD /* Frameworks */ = {
			isa = PBXGroup;
			children = (
				554EB21527FFDE4DFE8B24E5 /* Pods_SideMenuDemo.framework */,
				22BF9FA02A4880CB15CCC884 /* Pods_SideMenuDemoTests.framework */,
				54FF7C3641A375A5C3E6DC49 /* Pods_SideMenuDemoUITests.framework */,
			);
			name = Frameworks;
			sourceTree = "<group>";
		};
		CD9437B61FDC66150033A42D = {
			isa = PBXGroup;
			children = (
				CD9437C11FDC66150033A42D /* SideMenuDemo */,
				CD9437D61FDC66150033A42D /* SideMenuDemoTests */,
				CD9437E11FDC66150033A42D /* SideMenuDemoUITests */,
				CD9437C01FDC66150033A42D /* Products */,
				765DE31F023923AC2FF5EBF7 /* Pods */,
				99F7E8EA513A5E9047DCBBCD /* Frameworks */,
			);
			sourceTree = "<group>";
		};
		CD9437C01FDC66150033A42D /* Products */ = {
			isa = PBXGroup;
			children = (
				CD9437BF1FDC66150033A42D /* SideMenuDemo.app */,
				CD9437D31FDC66150033A42D /* SideMenuDemoTests.xctest */,
				CD9437DE1FDC66150033A42D /* SideMenuDemoUITests.xctest */,
			);
			name = Products;
			sourceTree = "<group>";
		};
		CD9437C11FDC66150033A42D /* SideMenuDemo */ = {
			isa = PBXGroup;
			children = (
				CD9437C21FDC66150033A42D /* AppDelegate.swift */,
				CD9437C41FDC66150033A42D /* ViewController.swift */,
				CD9437C61FDC66150033A42D /* Main.storyboard */,
				CD0F9ED91FDE56D300B252D5 /* InternetImageCell.swift */,
				CD9437C91FDC66150033A42D /* Assets.xcassets */,
				CD9437CB1FDC66150033A42D /* LaunchScreen.storyboard */,
				CD9437CE1FDC66150033A42D /* Info.plist */,
				CD9437F01FDC685E0033A42D /* MenuViewController.swift */,
				CD9437F21FDC6B800033A42D /* SideMenuCell.swift */,
				CD9437F41FDC6D3A0033A42D /* TransactionHistoryViewController.swift */,
				CD9437FA1FDCEAD30033A42D /* NotificationViewController.swift */,
			);
			path = SideMenuDemo;
			sourceTree = "<group>";
		};
		CD9437D61FDC66150033A42D /* SideMenuDemoTests */ = {
			isa = PBXGroup;
			children = (
				CD9437D71FDC66150033A42D /* SideMenuDemoTests.swift */,
				CD9437D91FDC66150033A42D /* Info.plist */,
			);
			path = SideMenuDemoTests;
			sourceTree = "<group>";
		};
		CD9437E11FDC66150033A42D /* SideMenuDemoUITests */ = {
			isa = PBXGroup;
			children = (
				CD9437E21FDC66150033A42D /* SideMenuDemoUITests.swift */,
				CD9437E41FDC66150033A42D /* Info.plist */,
			);
			path = SideMenuDemoUITests;
			sourceTree = "<group>";
		};
/* End PBXGroup section */

/* Begin PBXNativeTarget section */
		CD9437BE1FDC66150033A42D /* SideMenuDemo */ = {
			isa = PBXNativeTarget;
			buildConfigurationList = CD9437E71FDC66150033A42D /* Build configuration list for PBXNativeTarget "SideMenuDemo" */;
			buildPhases = (
				A9D30F295CE226CE237C870C /* [CP] Check Pods Manifest.lock */,
				CD9437BB1FDC66150033A42D /* Sources */,
				CD9437BC1FDC66150033A42D /* Frameworks */,
				CD9437BD1FDC66150033A42D /* Resources */,
				17591952F6062290BAE64DDD /* [CP] Embed Pods Frameworks */,
				12135208EE5CDE7299CD038E /* [CP] Copy Pods Resources */,
			);
			buildRules = (
			);
			dependencies = (
			);
			name = SideMenuDemo;
			productName = SideMenuDemo;
			productReference = CD9437BF1FDC66150033A42D /* SideMenuDemo.app */;
			productType = "com.apple.product-type.application";
		};
		CD9437D21FDC66150033A42D /* SideMenuDemoTests */ = {
			isa = PBXNativeTarget;
			buildConfigurationList = CD9437EA1FDC66150033A42D /* Build configuration list for PBXNativeTarget "SideMenuDemoTests" */;
			buildPhases = (
				62D9B865525B6EED9617D0F2 /* [CP] Check Pods Manifest.lock */,
				CD9437CF1FDC66150033A42D /* Sources */,
				CD9437D01FDC66150033A42D /* Frameworks */,
				CD9437D11FDC66150033A42D /* Resources */,
				06E01891C0B7EEC3AB4A9874 /* [CP] Embed Pods Frameworks */,
				727618B098379673D9E4AC2B /* [CP] Copy Pods Resources */,
			);
			buildRules = (
			);
			dependencies = (
				CD9437D51FDC66150033A42D /* PBXTargetDependency */,
			);
			name = SideMenuDemoTests;
			productName = SideMenuDemoTests;
			productReference = CD9437D31FDC66150033A42D /* SideMenuDemoTests.xctest */;
			productType = "com.apple.product-type.bundle.unit-test";
		};
		CD9437DD1FDC66150033A42D /* SideMenuDemoUITests */ = {
			isa = PBXNativeTarget;
			buildConfigurationList = CD9437ED1FDC66150033A42D /* Build configuration list for PBXNativeTarget "SideMenuDemoUITests" */;
			buildPhases = (
				C81482F7DC7D1DA2AC2FAE79 /* [CP] Check Pods Manifest.lock */,
				CD9437DA1FDC66150033A42D /* Sources */,
				CD9437DB1FDC66150033A42D /* Frameworks */,
				CD9437DC1FDC66150033A42D /* Resources */,
				3E9B1A69208B17429A3D4836 /* [CP] Embed Pods Frameworks */,
				D482A29C9B90368958D2A44A /* [CP] Copy Pods Resources */,
			);
			buildRules = (
			);
			dependencies = (
				CD9437E01FDC66150033A42D /* PBXTargetDependency */,
			);
			name = SideMenuDemoUITests;
			productName = SideMenuDemoUITests;
			productReference = CD9437DE1FDC66150033A42D /* SideMenuDemoUITests.xctest */;
			productType = "com.apple.product-type.bundle.ui-testing";
		};
/* End PBXNativeTarget section */

/* Begin PBXProject section */
		CD9437B71FDC66150033A42D /* Project object */ = {
			isa = PBXProject;
			attributes = {
				LastSwiftUpdateCheck = 0910;
				LastUpgradeCheck = 0910;
				ORGANIZATIONNAME = prakash;
				TargetAttributes = {
					CD9437BE1FDC66150033A42D = {
						CreatedOnToolsVersion = 9.1;
						ProvisioningStyle = Automatic;
					};
					CD9437D21FDC66150033A42D = {
						CreatedOnToolsVersion = 9.1;
						ProvisioningStyle = Automatic;
						TestTargetID = CD9437BE1FDC66150033A42D;
					};
					CD9437DD1FDC66150033A42D = {
						CreatedOnToolsVersion = 9.1;
						ProvisioningStyle = Automatic;
						TestTargetID = CD9437BE1FDC66150033A42D;
					};
				};
			};
			buildConfigurationList = CD9437BA1FDC66150033A42D /* Build configuration list for PBXProject "SideMenuDemo" */;
			compatibilityVersion = "Xcode 8.0";
			developmentRegion = en;
			hasScannedForEncodings = 0;
			knownRegions = (
				en,
				Base,
			);
			mainGroup = CD9437B61FDC66150033A42D;
			productRefGroup = CD9437C01FDC66150033A42D /* Products */;
			projectDirPath = "";
			projectRoot = "";
			targets = (
				CD9437BE1FDC66150033A42D /* SideMenuDemo */,
				CD9437D21FDC66150033A42D /* SideMenuDemoTests */,
				CD9437DD1FDC66150033A42D /* SideMenuDemoUITests */,
			);
		};
/* End PBXProject section */

/* Begin PBXResourcesBuildPhase section */
		CD9437BD1FDC66150033A42D /* Resources */ = {
			isa = PBXResourcesBuildPhase;
			buildActionMask = 2147483647;
			files = (
				CD9437CD1FDC66150033A42D /* LaunchScreen.storyboard in Resources */,
				CD9437CA1FDC66150033A42D /* Assets.xcassets in Resources */,
				CD9437C81FDC66150033A42D /* Main.storyboard in Resources */,
			);
			runOnlyForDeploymentPostprocessing = 0;
		};
		CD9437D11FDC66150033A42D /* Resources */ = {
			isa = PBXResourcesBuildPhase;
			buildActionMask = 2147483647;
			files = (
			);
			runOnlyForDeploymentPostprocessing = 0;
		};
		CD9437DC1FDC66150033A42D /* Resources */ = {
			isa = PBXResourcesBuildPhase;
			buildActionMask = 2147483647;
			files = (
			);
			runOnlyForDeploymentPostprocessing = 0;
		};
/* End PBXResourcesBuildPhase section */

/* Begin PBXShellScriptBuildPhase section */
		06E01891C0B7EEC3AB4A9874 /* [CP] Embed Pods Frameworks */ = {
			isa = PBXShellScriptBuildPhase;
			buildActionMask = 2147483647;
			files = (
			);
			inputPaths = (
			);
			name = "[CP] Embed Pods Frameworks";
			outputPaths = (
			);
			runOnlyForDeploymentPostprocessing = 0;
			shellPath = /bin/sh;
			shellScript = "\"${SRCROOT}/Pods/Target Support Files/Pods-SideMenuDemoTests/Pods-SideMenuDemoTests-frameworks.sh\"\n";
			showEnvVarsInLog = 0;
		};
		12135208EE5CDE7299CD038E /* [CP] Copy Pods Resources */ = {
			isa = PBXShellScriptBuildPhase;
			buildActionMask = 2147483647;
			files = (
			);
			inputPaths = (
			);
			name = "[CP] Copy Pods Resources";
			outputPaths = (
			);
			runOnlyForDeploymentPostprocessing = 0;
			shellPath = /bin/sh;
			shellScript = "\"${SRCROOT}/Pods/Target Support Files/Pods-SideMenuDemo/Pods-SideMenuDemo-resources.sh\"\n";
			showEnvVarsInLog = 0;
		};
		17591952F6062290BAE64DDD /* [CP] Embed Pods Frameworks */ = {
			isa = PBXShellScriptBuildPhase;
			buildActionMask = 2147483647;
			files = (
			);
			inputPaths = (
				"${SRCROOT}/Pods/Target Support Files/Pods-SideMenuDemo/Pods-SideMenuDemo-frameworks.sh",
				"${BUILT_PRODUCTS_DIR}/Alamofire/Alamofire.framework",
				"${BUILT_PRODUCTS_DIR}/LGSideMenuController/LGSideMenuController.framework",
				"${BUILT_PRODUCTS_DIR}/XLPagerTabStrip/XLPagerTabStrip.framework",
			);
			name = "[CP] Embed Pods Frameworks";
			outputPaths = (
				"${TARGET_BUILD_DIR}/${FRAMEWORKS_FOLDER_PATH}/Alamofire.framework",
				"${TARGET_BUILD_DIR}/${FRAMEWORKS_FOLDER_PATH}/LGSideMenuController.framework",
				"${TARGET_BUILD_DIR}/${FRAMEWORKS_FOLDER_PATH}/XLPagerTabStrip.framework",
			);
			runOnlyForDeploymentPostprocessing = 0;
			shellPath = /bin/sh;
			shellScript = "\"${SRCROOT}/Pods/Target Support Files/Pods-SideMenuDemo/Pods-SideMenuDemo-frameworks.sh\"\n";
			showEnvVarsInLog = 0;
		};
		3E9B1A69208B17429A3D4836 /* [CP] Embed Pods Frameworks */ = {
			isa = PBXShellScriptBuildPhase;
			buildActionMask = 2147483647;
			files = (
			);
			inputPaths = (
			);
			name = "[CP] Embed Pods Frameworks";
			outputPaths = (
			);
			runOnlyForDeploymentPostprocessing = 0;
			shellPath = /bin/sh;
			shellScript = "\"${SRCROOT}/Pods/Target Support Files/Pods-SideMenuDemoUITests/Pods-SideMenuDemoUITests-frameworks.sh\"\n";
			showEnvVarsInLog = 0;
		};
		62D9B865525B6EED9617D0F2 /* [CP] Check Pods Manifest.lock */ = {
			isa = PBXShellScriptBuildPhase;
			buildActionMask = 2147483647;
			files = (
			);
			inputPaths = (
				"${PODS_PODFILE_DIR_PATH}/Podfile.lock",
				"${PODS_ROOT}/Manifest.lock",
			);
			name = "[CP] Check Pods Manifest.lock";
			outputPaths = (
				"$(DERIVED_FILE_DIR)/Pods-SideMenuDemoTests-checkManifestLockResult.txt",
			);
			runOnlyForDeploymentPostprocessing = 0;
			shellPath = /bin/sh;
			shellScript = "diff \"${PODS_PODFILE_DIR_PATH}/Podfile.lock\" \"${PODS_ROOT}/Manifest.lock\" > /dev/null\nif [ $? != 0 ] ; then\n    # print error to STDERR\n    echo \"error: The sandbox is not in sync with the Podfile.lock. Run 'pod install' or update your CocoaPods installation.\" >&2\n    exit 1\nfi\n# This output is used by Xcode 'outputs' to avoid re-running this script phase.\necho \"SUCCESS\" > \"${SCRIPT_OUTPUT_FILE_0}\"\n";
			showEnvVarsInLog = 0;
		};
		727618B098379673D9E4AC2B /* [CP] Copy Pods Resources */ = {
			isa = PBXShellScriptBuildPhase;
			buildActionMask = 2147483647;
			files = (
			);
			inputPaths = (
			);
			name = "[CP] Copy Pods Resources";
			outputPaths = (
			);
			runOnlyForDeploymentPostprocessing = 0;
			shellPath = /bin/sh;
			shellScript = "\"${SRCROOT}/Pods/Target Support Files/Pods-SideMenuDemoTests/Pods-SideMenuDemoTests-resources.sh\"\n";
			showEnvVarsInLog = 0;
		};
		A9D30F295CE226CE237C870C /* [CP] Check Pods Manifest.lock */ = {
			isa = PBXShellScriptBuildPhase;
			buildActionMask = 2147483647;
			files = (
			);
			inputPaths = (
				"${PODS_PODFILE_DIR_PATH}/Podfile.lock",
				"${PODS_ROOT}/Manifest.lock",
			);
			name = "[CP] Check Pods Manifest.lock";
			outputPaths = (
				"$(DERIVED_FILE_DIR)/Pods-SideMenuDemo-checkManifestLockResult.txt",
			);
			runOnlyForDeploymentPostprocessing = 0;
			shellPath = /bin/sh;
			shellScript = "diff \"${PODS_PODFILE_DIR_PATH}/Podfile.lock\" \"${PODS_ROOT}/Manifest.lock\" > /dev/null\nif [ $? != 0 ] ; then\n    # print error to STDERR\n    echo \"error: The sandbox is not in sync with the Podfile.lock. Run 'pod install' or update your CocoaPods installation.\" >&2\n    exit 1\nfi\n# This output is used by Xcode 'outputs' to avoid re-running this script phase.\necho \"SUCCESS\" > \"${SCRIPT_OUTPUT_FILE_0}\"\n";
			showEnvVarsInLog = 0;
		};
		C81482F7DC7D1DA2AC2FAE79 /* [CP] Check Pods Manifest.lock */ = {
			isa = PBXShellScriptBuildPhase;
			buildActionMask = 2147483647;
			files = (
			);
			inputPaths = (
				"${PODS_PODFILE_DIR_PATH}/Podfile.lock",
				"${PODS_ROOT}/Manifest.lock",
			);
			name = "[CP] Check Pods Manifest.lock";
			outputPaths = (
				"$(DERIVED_FILE_DIR)/Pods-SideMenuDemoUITests-checkManifestLockResult.txt",
			);
			runOnlyForDeploymentPostprocessing = 0;
			shellPath = /bin/sh;
			shellScript = "diff \"${PODS_PODFILE_DIR_PATH}/Podfile.lock\" \"${PODS_ROOT}/Manifest.lock\" > /dev/null\nif [ $? != 0 ] ; then\n    # print error to STDERR\n    echo \"error: The sandbox is not in sync with the Podfile.lock. Run 'pod install' or update your CocoaPods installation.\" >&2\n    exit 1\nfi\n# This output is used by Xcode 'outputs' to avoid re-running this script phase.\necho \"SUCCESS\" > \"${SCRIPT_OUTPUT_FILE_0}\"\n";
			showEnvVarsInLog = 0;
		};
		D482A29C9B90368958D2A44A /* [CP] Copy Pods Resources */ = {
			isa = PBXShellScriptBuildPhase;
			buildActionMask = 2147483647;
			files = (
			);
			inputPaths = (
			);
			name = "[CP] Copy Pods Resources";
			outputPaths = (
			);
			runOnlyForDeploymentPostprocessing = 0;
			shellPath = /bin/sh;
			shellScript = "\"${SRCROOT}/Pods/Target Support Files/Pods-SideMenuDemoUITests/Pods-SideMenuDemoUITests-resources.sh\"\n";
			showEnvVarsInLog = 0;
		};
/* End PBXShellScriptBuildPhase section */

/* Begin PBXSourcesBuildPhase section */
		CD9437BB1FDC66150033A42D /* Sources */ = {
			isa = PBXSourcesBuildPhase;
			buildActionMask = 2147483647;
			files = (
				CD9437C51FDC66150033A42D /* ViewController.swift in Sources */,
				CD9437FB1FDCEAD30033A42D /* NotificationViewController.swift in Sources */,
				CD9437F51FDC6D3A0033A42D /* TransactionHistoryViewController.swift in Sources */,
				CD9437F11FDC685E0033A42D /* MenuViewController.swift in Sources */,
				CD9437C31FDC66150033A42D /* AppDelegate.swift in Sources */,
				CD9437F31FDC6B800033A42D /* SideMenuCell.swift in Sources */,
				CD0F9EDA1FDE56D300B252D5 /* InternetImageCell.swift in Sources */,
			);
			runOnlyForDeploymentPostprocessing = 0;
		};
		CD9437CF1FDC66150033A42D /* Sources */ = {
			isa = PBXSourcesBuildPhase;
			buildActionMask = 2147483647;
			files = (
				CD9437D81FDC66150033A42D /* SideMenuDemoTests.swift in Sources */,
			);
			runOnlyForDeploymentPostprocessing = 0;
		};
		CD9437DA1FDC66150033A42D /* Sources */ = {
			isa = PBXSourcesBuildPhase;
			buildActionMask = 2147483647;
			files = (
				CD9437E31FDC66150033A42D /* SideMenuDemoUITests.swift in Sources */,
			);
			runOnlyForDeploymentPostprocessing = 0;
		};
/* End PBXSourcesBuildPhase section */

/* Begin PBXTargetDependency section */
		CD9437D51FDC66150033A42D /* PBXTargetDependency */ = {
			isa = PBXTargetDependency;
			target = CD9437BE1FDC66150033A42D /* SideMenuDemo */;
			targetProxy = CD9437D41FDC66150033A42D /* PBXContainerItemProxy */;
		};
		CD9437E01FDC66150033A42D /* PBXTargetDependency */ = {
			isa = PBXTargetDependency;
			target = CD9437BE1FDC66150033A42D /* SideMenuDemo */;
			targetProxy = CD9437DF1FDC66150033A42D /* PBXContainerItemProxy */;
		};
/* End PBXTargetDependency section */

/* Begin PBXVariantGroup section */
		CD9437C61FDC66150033A42D /* Main.storyboard */ = {
			isa = PBXVariantGroup;
			children = (
				CD9437C71FDC66150033A42D /* Base */,
			);
			name = Main.storyboard;
			sourceTree = "<group>";
		};
		CD9437CB1FDC66150033A42D /* LaunchScreen.storyboard */ = {
			isa = PBXVariantGroup;
			children = (
				CD9437CC1FDC66150033A42D /* Base */,
			);
			name = LaunchScreen.storyboard;
			sourceTree = "<group>";
		};
/* End PBXVariantGroup section */

/* Begin XCBuildConfiguration section */
		CD9437E51FDC66150033A42D /* Debug */ = {
			isa = XCBuildConfiguration;
			buildSettings = {
				ALWAYS_SEARCH_USER_PATHS = NO;
				CLANG_ANALYZER_NONNULL = YES;
				CLANG_ANALYZER_NUMBER_OBJECT_CONVERSION = YES_AGGRESSIVE;
				CLANG_CXX_LANGUAGE_STANDARD = "gnu++14";
				CLANG_CXX_LIBRARY = "libc++";
				CLANG_ENABLE_MODULES = YES;
				CLANG_ENABLE_OBJC_ARC = YES;
				CLANG_WARN_BLOCK_CAPTURE_AUTORELEASING = YES;
				CLANG_WARN_BOOL_CONVERSION = YES;
				CLANG_WARN_COMMA = YES;
				CLANG_WARN_CONSTANT_CONVERSION = YES;
				CLANG_WARN_DIRECT_OBJC_ISA_USAGE = YES_ERROR;
				CLANG_WARN_DOCUMENTATION_COMMENTS = YES;
				CLANG_WARN_EMPTY_BODY = YES;
				CLANG_WARN_ENUM_CONVERSION = YES;
				CLANG_WARN_INFINITE_RECURSION = YES;
				CLANG_WARN_INT_CONVERSION = YES;
				CLANG_WARN_NON_LITERAL_NULL_CONVERSION = YES;
				CLANG_WARN_OBJC_LITERAL_CONVERSION = YES;
				CLANG_WARN_OBJC_ROOT_CLASS = YES_ERROR;
				CLANG_WARN_RANGE_LOOP_ANALYSIS = YES;
				CLANG_WARN_STRICT_PROTOTYPES = YES;
				CLANG_WARN_SUSPICIOUS_MOVE = YES;
				CLANG_WARN_UNGUARDED_AVAILABILITY = YES_AGGRESSIVE;
				CLANG_WARN_UNREACHABLE_CODE = YES;
				CLANG_WARN__DUPLICATE_METHOD_MATCH = YES;
				CODE_SIGN_IDENTITY = "iPhone Developer";
				COPY_PHASE_STRIP = NO;
				DEBUG_INFORMATION_FORMAT = dwarf;
				ENABLE_STRICT_OBJC_MSGSEND = YES;
				ENABLE_TESTABILITY = YES;
				GCC_C_LANGUAGE_STANDARD = gnu11;
				GCC_DYNAMIC_NO_PIC = NO;
				GCC_NO_COMMON_BLOCKS = YES;
				GCC_OPTIMIZATION_LEVEL = 0;
				GCC_PREPROCESSOR_DEFINITIONS = (
					"DEBUG=1",
					"$(inherited)",
				);
				GCC_WARN_64_TO_32_BIT_CONVERSION = YES;
				GCC_WARN_ABOUT_RETURN_TYPE = YES_ERROR;
				GCC_WARN_UNDECLARED_SELECTOR = YES;
				GCC_WARN_UNINITIALIZED_AUTOS = YES_AGGRESSIVE;
				GCC_WARN_UNUSED_FUNCTION = YES;
				GCC_WARN_UNUSED_VARIABLE = YES;
				IPHONEOS_DEPLOYMENT_TARGET = 11.1;
				MTL_ENABLE_DEBUG_INFO = YES;
				ONLY_ACTIVE_ARCH = YES;
				SDKROOT = iphoneos;
				SWIFT_ACTIVE_COMPILATION_CONDITIONS = DEBUG;
				SWIFT_OPTIMIZATION_LEVEL = "-Onone";
			};
			name = Debug;
		};
		CD9437E61FDC66150033A42D /* Release */ = {
			isa = XCBuildConfiguration;
			buildSettings = {
				ALWAYS_SEARCH_USER_PATHS = NO;
				CLANG_ANALYZER_NONNULL = YES;
				CLANG_ANALYZER_NUMBER_OBJECT_CONVERSION = YES_AGGRESSIVE;
				CLANG_CXX_LANGUAGE_STANDARD = "gnu++14";
				CLANG_CXX_LIBRARY = "libc++";
				CLANG_ENABLE_MODULES = YES;
				CLANG_ENABLE_OBJC_ARC = YES;
				CLANG_WARN_BLOCK_CAPTURE_AUTORELEASING = YES;
				CLANG_WARN_BOOL_CONVERSION = YES;
				CLANG_WARN_COMMA = YES;
				CLANG_WARN_CONSTANT_CONVERSION = YES;
				CLANG_WARN_DIRECT_OBJC_ISA_USAGE = YES_ERROR;
				CLANG_WARN_DOCUMENTATION_COMMENTS = YES;
				CLANG_WARN_EMPTY_BODY = YES;
				CLANG_WARN_ENUM_CONVERSION = YES;
				CLANG_WARN_INFINITE_RECURSION = YES;
				CLANG_WARN_INT_CONVERSION = YES;
				CLANG_WARN_NON_LITERAL_NULL_CONVERSION = YES;
				CLANG_WARN_OBJC_LITERAL_CONVERSION = YES;
				CLANG_WARN_OBJC_ROOT_CLASS = YES_ERROR;
				CLANG_WARN_RANGE_LOOP_ANALYSIS = YES;
				CLANG_WARN_STRICT_PROTOTYPES = YES;
				CLANG_WARN_SUSPICIOUS_MOVE = YES;
				CLANG_WARN_UNGUARDED_AVAILABILITY = YES_AGGRESSIVE;
				CLANG_WARN_UNREACHABLE_CODE = YES;
				CLANG_WARN__DUPLICATE_METHOD_MATCH = YES;
				CODE_SIGN_IDENTITY = "iPhone Developer";
				COPY_PHASE_STRIP = NO;
				DEBUG_INFORMATION_FORMAT = "dwarf-with-dsym";
				ENABLE_NS_ASSERTIONS = NO;
				ENABLE_STRICT_OBJC_MSGSEND = YES;
				GCC_C_LANGUAGE_STANDARD = gnu11;
				GCC_NO_COMMON_BLOCKS = YES;
				GCC_WARN_64_TO_32_BIT_CONVERSION = YES;
				GCC_WARN_ABOUT_RETURN_TYPE = YES_ERROR;
				GCC_WARN_UNDECLARED_SELECTOR = YES;
				GCC_WARN_UNINITIALIZED_AUTOS = YES_AGGRESSIVE;
				GCC_WARN_UNUSED_FUNCTION = YES;
				GCC_WARN_UNUSED_VARIABLE = YES;
				IPHONEOS_DEPLOYMENT_TARGET = 11.1;
				MTL_ENABLE_DEBUG_INFO = NO;
				SDKROOT = iphoneos;
				SWIFT_OPTIMIZATION_LEVEL = "-Owholemodule";
				VALIDATE_PRODUCT = YES;
			};
			name = Release;
		};
		CD9437E81FDC66150033A42D /* Debug */ = {
			isa = XCBuildConfiguration;
			baseConfigurationReference = 3BB78C7208B9301846D48146 /* Pods-SideMenuDemo.debug.xcconfig */;
			buildSettings = {
				ASSETCATALOG_COMPILER_APPICON_NAME = AppIcon;
				CODE_SIGN_STYLE = Automatic;
				DEVELOPMENT_TEAM = 7ZJZE83MBM;
				INFOPLIST_FILE = SideMenuDemo/Info.plist;
				LD_RUNPATH_SEARCH_PATHS = "$(inherited) @executable_path/Frameworks";
				PRODUCT_BUNDLE_IDENTIFIER = com.product.SideMenuDemo;
				PRODUCT_NAME = "$(TARGET_NAME)";
				SWIFT_VERSION = 4.0;
				TARGETED_DEVICE_FAMILY = "1,2";
			};
			name = Debug;
		};
		CD9437E91FDC66150033A42D /* Release */ = {
			isa = XCBuildConfiguration;
			baseConfigurationReference = 69255EDFBF83584A78303B7F /* Pods-SideMenuDemo.release.xcconfig */;
			buildSettings = {
				ASSETCATALOG_COMPILER_APPICON_NAME = AppIcon;
				CODE_SIGN_STYLE = Automatic;
				DEVELOPMENT_TEAM = 7ZJZE83MBM;
				INFOPLIST_FILE = SideMenuDemo/Info.plist;
				LD_RUNPATH_SEARCH_PATHS = "$(inherited) @executable_path/Frameworks";
				PRODUCT_BUNDLE_IDENTIFIER = com.product.SideMenuDemo;
				PRODUCT_NAME = "$(TARGET_NAME)";
				SWIFT_VERSION = 4.0;
				TARGETED_DEVICE_FAMILY = "1,2";
			};
			name = Release;
		};
		CD9437EB1FDC66150033A42D /* Debug */ = {
			isa = XCBuildConfiguration;
			baseConfigurationReference = 07A114F18C4DBF63C01E451E /* Pods-SideMenuDemoTests.debug.xcconfig */;
			buildSettings = {
				ALWAYS_EMBED_SWIFT_STANDARD_LIBRARIES = YES;
				BUNDLE_LOADER = "$(TEST_HOST)";
				CODE_SIGN_STYLE = Automatic;
				DEVELOPMENT_TEAM = 7ZJZE83MBM;
				INFOPLIST_FILE = SideMenuDemoTests/Info.plist;
				LD_RUNPATH_SEARCH_PATHS = "$(inherited) @executable_path/Frameworks @loader_path/Frameworks";
				PRODUCT_BUNDLE_IDENTIFIER = com.product.SideMenuDemoTests;
				PRODUCT_NAME = "$(TARGET_NAME)";
				SWIFT_VERSION = 4.0;
				TARGETED_DEVICE_FAMILY = "1,2";
				TEST_HOST = "$(BUILT_PRODUCTS_DIR)/SideMenuDemo.app/SideMenuDemo";
			};
			name = Debug;
		};
		CD9437EC1FDC66150033A42D /* Release */ = {
			isa = XCBuildConfiguration;
			baseConfigurationReference = 13F1651BB1E50FDDC9171D4B /* Pods-SideMenuDemoTests.release.xcconfig */;
			buildSettings = {
				ALWAYS_EMBED_SWIFT_STANDARD_LIBRARIES = YES;
				BUNDLE_LOADER = "$(TEST_HOST)";
				CODE_SIGN_STYLE = Automatic;
				DEVELOPMENT_TEAM = 7ZJZE83MBM;
				INFOPLIST_FILE = SideMenuDemoTests/Info.plist;
				LD_RUNPATH_SEARCH_PATHS = "$(inherited) @executable_path/Frameworks @loader_path/Frameworks";
				PRODUCT_BUNDLE_IDENTIFIER = com.product.SideMenuDemoTests;
				PRODUCT_NAME = "$(TARGET_NAME)";
				SWIFT_VERSION = 4.0;
				TARGETED_DEVICE_FAMILY = "1,2";
				TEST_HOST = "$(BUILT_PRODUCTS_DIR)/SideMenuDemo.app/SideMenuDemo";
			};
			name = Release;
		};
		CD9437EE1FDC66150033A42D /* Debug */ = {
			isa = XCBuildConfiguration;
			baseConfigurationReference = 762DAE229D75240E58DA2939 /* Pods-SideMenuDemoUITests.debug.xcconfig */;
			buildSettings = {
				ALWAYS_EMBED_SWIFT_STANDARD_LIBRARIES = YES;
				CODE_SIGN_STYLE = Automatic;
				DEVELOPMENT_TEAM = 7ZJZE83MBM;
				INFOPLIST_FILE = SideMenuDemoUITests/Info.plist;
				LD_RUNPATH_SEARCH_PATHS = "$(inherited) @executable_path/Frameworks @loader_path/Frameworks";
				PRODUCT_BUNDLE_IDENTIFIER = com.product.SideMenuDemoUITests;
				PRODUCT_NAME = "$(TARGET_NAME)";
				SWIFT_VERSION = 4.0;
				TARGETED_DEVICE_FAMILY = "1,2";
				TEST_TARGET_NAME = SideMenuDemo;
			};
			name = Debug;
		};
		CD9437EF1FDC66150033A42D /* Release */ = {
			isa = XCBuildConfiguration;
			baseConfigurationReference = 46CA096D4F62480CF38C8D5E /* Pods-SideMenuDemoUITests.release.xcconfig */;
			buildSettings = {
				ALWAYS_EMBED_SWIFT_STANDARD_LIBRARIES = YES;
				CODE_SIGN_STYLE = Automatic;
				DEVELOPMENT_TEAM = 7ZJZE83MBM;
				INFOPLIST_FILE = SideMenuDemoUITests/Info.plist;
				LD_RUNPATH_SEARCH_PATHS = "$(inherited) @executable_path/Frameworks @loader_path/Frameworks";
				PRODUCT_BUNDLE_IDENTIFIER = com.product.SideMenuDemoUITests;
				PRODUCT_NAME = "$(TARGET_NAME)";
				SWIFT_VERSION = 4.0;
				TARGETED_DEVICE_FAMILY = "1,2";
				TEST_TARGET_NAME = SideMenuDemo;
			};
			name = Release;
		};
/* End XCBuildConfiguration section */

/* Begin XCConfigurationList section */
		CD9437BA1FDC66150033A42D /* Build configuration list for PBXProject "SideMenuDemo" */ = {
			isa = XCConfigurationList;
			buildConfigurations = (
				CD9437E51FDC66150033A42D /* Debug */,
				CD9437E61FDC66150033A42D /* Release */,
			);
			defaultConfigurationIsVisible = 0;
			defaultConfigurationName = Release;
		};
		CD9437E71FDC66150033A42D /* Build configuration list for PBXNativeTarget "SideMenuDemo" */ = {
			isa = XCConfigurationList;
			buildConfigurations = (
				CD9437E81FDC66150033A42D /* Debug */,
				CD9437E91FDC66150033A42D /* Release */,
			);
			defaultConfigurationIsVisible = 0;
			defaultConfigurationName = Release;
		};
		CD9437EA1FDC66150033A42D /* Build configuration list for PBXNativeTarget "SideMenuDemoTests" */ = {
			isa = XCConfigurationList;
			buildConfigurations = (
				CD9437EB1FDC66150033A42D /* Debug */,
				CD9437EC1FDC66150033A42D /* Release */,
			);
			defaultConfigurationIsVisible = 0;
			defaultConfigurationName = Release;
		};
		CD9437ED1FDC66150033A42D /* Build configuration list for PBXNativeTarget "SideMenuDemoUITests" */ = {
			isa = XCConfigurationList;
			buildConfigurations = (
				CD9437EE1FDC66150033A42D /* Debug */,
				CD9437EF1FDC66150033A42D /* Release */,
			);
			defaultConfigurationIsVisible = 0;
			defaultConfigurationName = Release;
		};
/* End XCConfigurationList section */
	};
	rootObject = CD9437B71FDC66150033A42D /* Project object */;
}
